{
  "version": 4,
  "terraform_version": "1.1.8",
  "serial": 21,
  "lineage": "fbfa1a53-5e40-a647-2c3e-27fab549fab0",
  "outputs": {
    "es_filebeat_ip_address": {
      "value": "18.233.111.141",
      "type": "string"
    }
  },
  "resources": [
    {
      "mode": "data",
      "type": "aws_ami",
      "name": "ec2",
      "provider": "provider[\"registry.terraform.io/hashicorp/aws\"]",
      "instances": [
        {
          "schema_version": 0,
          "attributes": {
            "architecture": "x86_64",
            "arn": "arn:aws:ec2:us-east-1::image/ami-03c8ead5922bf8082",
            "block_device_mappings": [
              {
                "device_name": "/dev/xvda",
                "ebs": {
                  "delete_on_termination": "true",
                  "encrypted": "false",
                  "iops": "0",
                  "snapshot_id": "snap-089c438e86e4e5ae1",
                  "throughput": "0",
                  "volume_size": "8",
                  "volume_type": "standard"
                },
                "no_device": "",
                "virtual_name": ""
              }
            ],
            "creation_date": "2022-04-11T18:37:55.000Z",
            "description": "Amazon Linux 2 AMI 2.0.20220406.1 x86_64 HVM ebs",
            "ena_support": true,
            "executable_users": null,
            "filter": [
              {
                "name": "name",
                "values": [
                  "amzn2-ami-hvm-*-x86_64-ebs"
                ]
              }
            ],
            "hypervisor": "xen",
            "id": "ami-03c8ead5922bf8082",
            "image_id": "ami-03c8ead5922bf8082",
            "image_location": "amazon/amzn2-ami-hvm-2.0.20220406.1-x86_64-ebs",
            "image_owner_alias": "amazon",
            "image_type": "machine",
            "kernel_id": null,
            "most_recent": true,
            "name": "amzn2-ami-hvm-2.0.20220406.1-x86_64-ebs",
            "name_regex": null,
            "owner_id": "137112412989",
            "owners": [
              "amazon"
            ],
            "platform": null,
            "platform_details": "Linux/UNIX",
            "product_codes": [],
            "public": true,
            "ramdisk_id": null,
            "root_device_name": "/dev/xvda",
            "root_device_type": "ebs",
            "root_snapshot_id": "snap-089c438e86e4e5ae1",
            "sriov_net_support": "simple",
            "state": "available",
            "state_reason": {
              "code": "UNSET",
              "message": "UNSET"
            },
            "tags": {},
            "usage_operation": "RunInstances",
            "virtualization_type": "hvm"
          },
          "sensitive_attributes": []
        }
      ]
    },
    {
      "mode": "data",
      "type": "aws_caller_identity",
      "name": "current",
      "provider": "provider[\"registry.terraform.io/hashicorp/aws\"]",
      "instances": [
        {
          "schema_version": 0,
          "attributes": {
            "account_id": "343102886243",
            "arn": "arn:aws:iam::343102886243:user/Administrator",
            "id": "343102886243",
            "user_id": "AIDAU7YUGSFRVA3ADJQLY"
          },
          "sensitive_attributes": []
        }
      ]
    },
    {
      "mode": "data",
      "type": "aws_region",
      "name": "current",
      "provider": "provider[\"registry.terraform.io/hashicorp/aws\"]",
      "instances": [
        {
          "schema_version": 0,
          "attributes": {
            "description": "US East (N. Virginia)",
            "endpoint": "ec2.us-east-1.amazonaws.com",
            "id": "us-east-1",
            "name": "us-east-1"
          },
          "sensitive_attributes": []
        }
      ]
    },
    {
      "mode": "data",
      "type": "template_file",
      "name": "es_instance",
      "provider": "provider[\"registry.terraform.io/hashicorp/template\"]",
      "instances": [
        {
          "schema_version": 0,
          "attributes": {
            "filename": null,
            "id": "ca59e7e97258a8f4709cd8b24ecd0b9217d8d3bbfa77995d8d13015e0d7faab7",
            "rendered": "#!/bin/bash\r\n\r\necho \"Install Filebeat\"\r\nwget -O /root/filebeat-7.10.0-linux-x86_64.tar.gz https://artifacts.elastic.co/downloads/beats/filebeat/filebeat-7.10.0-linux-x86_64.tar.gz\r\n\r\ntar -zxvf /root/filebeat-7.10.0-linux-x86_64.tar.gz -C /root/\r\ncd /root/filebeat-7.10.0-linux-x86_64\r\n#tar -zxvf /root/filebeat-oss-7.12.1-linux-x86_64.tar.gz -C /root/\r\nsed -i 's/localhost:9200/qa-rona:443/g' /root/filebeat-7.12.1-linux-x86_64/filebeat.yml\r\nsed -i 's/#protocol: \\\"https\\\"/protocol: \\\"https\\\"/g' /root/filebeat-7.12.1-linux-x86_64/filebeat.yml\r\nsystemctl start jenkins\r\necho \"setup.ilm.enabled: false\" \u003e\u003e /root/filebeat-7.12.1-linux-x86_64/filebeat.yml\r\necho \"setup.template.enabled: false\" \u003e\u003e /root/filebeat-7.12.1-linux-x86_64/filebeat.yml\r\n/root/filebeat-7.12.1-linux-x86_64/filebeat modules enable system\r\n/root/filebeat-7.12.1-linux-x86_64/filebeat -e -c /root/filebeat-7.12.1-linux-x86_64/filebeat.yml \u0026\r\n\r\necho \"successgully installed Filebeat\"\r\n\r\necho \"Intall Packetbeat\"\r\nwget -O /root/packetbeat-oss-7.12.1-linux-x86_64.tar.gz https://artifacts.elastic.co/downloads/beats/packetbeat/packetbeat-oss-7.12.1-linux-x86_64.tar.gz\r\ntar -zxvf /root/packetbeat-oss-7.12.1-linux-x86_64.tar.gz\r\nUpdate packetbeat.yaml \r\nsetup.ilm.enabled: false\r\nsetup.pack.security.enabled: false\r\nsetup.xpack.graph.enabled: false\r\nsetup.xpack.watcher.enabled: false\r\nsetup.xpack.monitoring.enabled: false\r\nsetup.xpack.reporting.enabled: false\r\n\r\noutput.elasticsearch:\r\n  # Array of hosts to connect to.\r\n  hosts: [\"search-test-xmuccn2ie224hszu56noofp6ti.us-east-1.es.amazonaws.com:443\"]\r\n\r\n  # Protocol - either `http` (default) or `https`.\r\n  protocol: \"https\"\r\n  #\r\nstart service\r\n./packetbeat -e\r\n\r\n\r\n./packetbeat -e -c packetbeat.yml  -I archivo.pcap -d \"publish\"\r\n#----- Install tshark----\r\napt-get install wireshark\r\ntshark --help",
            "template": "#!/bin/bash\r\n\r\necho \"Install Filebeat\"\r\nwget -O /root/filebeat-7.10.0-linux-x86_64.tar.gz https://artifacts.elastic.co/downloads/beats/filebeat/filebeat-7.10.0-linux-x86_64.tar.gz\r\n\r\ntar -zxvf /root/filebeat-7.10.0-linux-x86_64.tar.gz -C /root/\r\ncd /root/filebeat-7.10.0-linux-x86_64\r\n#tar -zxvf /root/filebeat-oss-7.12.1-linux-x86_64.tar.gz -C /root/\r\nsed -i 's/localhost:9200/${es_cluster}:443/g' /root/filebeat-7.12.1-linux-x86_64/filebeat.yml\r\nsed -i 's/#protocol: \\\"https\\\"/protocol: \\\"https\\\"/g' /root/filebeat-7.12.1-linux-x86_64/filebeat.yml\r\nsystemctl start jenkins\r\necho \"setup.ilm.enabled: false\" \u003e\u003e /root/filebeat-7.12.1-linux-x86_64/filebeat.yml\r\necho \"setup.template.enabled: false\" \u003e\u003e /root/filebeat-7.12.1-linux-x86_64/filebeat.yml\r\n/root/filebeat-7.12.1-linux-x86_64/filebeat modules enable system\r\n/root/filebeat-7.12.1-linux-x86_64/filebeat -e -c /root/filebeat-7.12.1-linux-x86_64/filebeat.yml \u0026\r\n\r\necho \"successgully installed Filebeat\"\r\n\r\necho \"Intall Packetbeat\"\r\nwget -O /root/packetbeat-oss-7.12.1-linux-x86_64.tar.gz https://artifacts.elastic.co/downloads/beats/packetbeat/packetbeat-oss-7.12.1-linux-x86_64.tar.gz\r\ntar -zxvf /root/packetbeat-oss-7.12.1-linux-x86_64.tar.gz\r\nUpdate packetbeat.yaml \r\nsetup.ilm.enabled: false\r\nsetup.pack.security.enabled: false\r\nsetup.xpack.graph.enabled: false\r\nsetup.xpack.watcher.enabled: false\r\nsetup.xpack.monitoring.enabled: false\r\nsetup.xpack.reporting.enabled: false\r\n\r\noutput.elasticsearch:\r\n  # Array of hosts to connect to.\r\n  hosts: [\"search-test-xmuccn2ie224hszu56noofp6ti.us-east-1.es.amazonaws.com:443\"]\r\n\r\n  # Protocol - either `http` (default) or `https`.\r\n  protocol: \"https\"\r\n  #\r\nstart service\r\n./packetbeat -e\r\n\r\n\r\n./packetbeat -e -c packetbeat.yml  -I archivo.pcap -d \"publish\"\r\n#----- Install tshark----\r\napt-get install wireshark\r\ntshark --help",
            "vars": {
              "es_cluster": "qa-rona"
            }
          },
          "sensitive_attributes": []
        }
      ]
    },
    {
      "mode": "managed",
      "type": "aws_cloudwatch_log_group",
      "name": "devops_log",
      "provider": "provider[\"registry.terraform.io/hashicorp/aws\"]",
      "instances": [
        {
          "schema_version": 0,
          "attributes": {
            "arn": "arn:aws:logs:us-east-1:343102886243:log-group:qa-devops-log-group",
            "id": "qa-devops-log-group",
            "kms_key_id": "",
            "name": "qa-devops-log-group",
            "name_prefix": null,
            "retention_in_days": 7,
            "tags": {
              "Name": "Elasticsearch loggroup",
              "version": "1.0.0"
            },
            "tags_all": {
              "Name": "Elasticsearch loggroup",
              "version": "1.0.0"
            }
          },
          "sensitive_attributes": [],
          "private": "bnVsbA=="
        }
      ]
    },
    {
      "mode": "managed",
      "type": "aws_elasticsearch_domain",
      "name": "es_cluster",
      "provider": "provider[\"registry.terraform.io/hashicorp/aws\"]",
      "instances": [
        {
          "schema_version": 0,
          "attributes": {
            "access_policies": "{\"Statement\":[{\"Action\":\"es:*\",\"Condition\":{\"IpAddress\":{\"aws:SourceIp\":[\"10.1.1.0/24\"]}},\"Effect\":\"Allow\",\"Principal\":\"*\",\"Resource\":\"arn:aws:es:us-east-1:343102886243:domain/rona/*\"}],\"Version\":\"2012-10-17\"}",
            "advanced_options": {},
            "advanced_security_options": [
              {
                "enabled": false,
                "internal_user_database_enabled": false,
                "master_user_options": []
              }
            ],
            "arn": "arn:aws:es:us-east-1:343102886243:domain/qa-rona",
            "auto_tune_options": [
              {
                "desired_state": "ENABLED",
                "maintenance_schedule": [],
                "rollback_on_disable": "NO_ROLLBACK"
              }
            ],
            "cluster_config": [
              {
                "dedicated_master_count": 0,
                "dedicated_master_enabled": false,
                "dedicated_master_type": "",
                "instance_count": 1,
                "instance_type": "t3.medium.elasticsearch",
                "warm_count": 0,
                "warm_enabled": false,
                "warm_type": "",
                "zone_awareness_config": [],
                "zone_awareness_enabled": false
              }
            ],
            "cognito_options": [
              {
                "enabled": false,
                "identity_pool_id": "",
                "role_arn": "",
                "user_pool_id": ""
              }
            ],
            "domain_endpoint_options": [
              {
                "custom_endpoint": "",
                "custom_endpoint_certificate_arn": "",
                "custom_endpoint_enabled": false,
                "enforce_https": false,
                "tls_security_policy": "Policy-Min-TLS-1-0-2019-07"
              }
            ],
            "domain_id": "343102886243/qa-rona",
            "domain_name": "qa-rona",
            "ebs_options": [
              {
                "ebs_enabled": true,
                "iops": 0,
                "volume_size": 10,
                "volume_type": "gp2"
              }
            ],
            "elasticsearch_version": "7.10",
            "encrypt_at_rest": [
              {
                "enabled": false,
                "kms_key_id": ""
              }
            ],
            "endpoint": "search-qa-rona-3nn4ryg2flk4qok626bqzew2by.us-east-1.es.amazonaws.com",
            "id": "arn:aws:es:us-east-1:343102886243:domain/qa-rona",
            "kibana_endpoint": "search-qa-rona-3nn4ryg2flk4qok626bqzew2by.us-east-1.es.amazonaws.com/_plugin/kibana/",
            "log_publishing_options": [],
            "node_to_node_encryption": [
              {
                "enabled": false
              }
            ],
            "snapshot_options": [
              {
                "automated_snapshot_start_hour": 0
              }
            ],
            "tags": {
              "Domain": "TestDomain"
            },
            "tags_all": {
              "Domain": "TestDomain"
            },
            "timeouts": null,
            "vpc_options": []
          },
          "sensitive_attributes": [],
          "private": "eyJlMmJmYjczMC1lY2FhLTExZTYtOGY4OC0zNDM2M2JjN2M0YzAiOnsidXBkYXRlIjozNjAwMDAwMDAwMDAwfX0=",
          "dependencies": [
            "data.aws_caller_identity.current",
            "data.aws_region.current"
          ]
        }
      ]
    },
    {
      "mode": "managed",
      "type": "aws_iam_instance_profile",
      "name": "elasticsearch_ec2_profile",
      "provider": "provider[\"registry.terraform.io/hashicorp/aws\"]",
      "instances": [
        {
          "schema_version": 0,
          "attributes": {
            "arn": "arn:aws:iam::343102886243:instance-profile/qa_elasticsearch_ec2_profile",
            "create_date": "2022-04-19T11:33:34Z",
            "id": "qa_elasticsearch_ec2_profile",
            "name": "qa_elasticsearch_ec2_profile",
            "name_prefix": null,
            "path": "/",
            "role": "qa_elasticsearch_ec2_role",
            "tags": null,
            "tags_all": {},
            "unique_id": "AIPAU7YUGSFRUWHOS7RKA"
          },
          "sensitive_attributes": [],
          "private": "bnVsbA==",
          "dependencies": [
            "aws_iam_role.elasticsearch_ec2_role"
          ]
        }
      ]
    },
    {
      "mode": "managed",
      "type": "aws_iam_role",
      "name": "elasticsearch_ec2_role",
      "provider": "provider[\"registry.terraform.io/hashicorp/aws\"]",
      "instances": [
        {
          "schema_version": 0,
          "attributes": {
            "arn": "arn:aws:iam::343102886243:role/qa_elasticsearch_ec2_role",
            "assume_role_policy": "{\"Version\":\"2012-10-17\",\"Statement\":[{\"Sid\":\"\",\"Effect\":\"Allow\",\"Principal\":{\"Service\":\"ec2.amazonaws.com\"},\"Action\":\"sts:AssumeRole\"}]}",
            "create_date": "2022-04-19T11:33:32Z",
            "description": "",
            "force_detach_policies": false,
            "id": "qa_elasticsearch_ec2_role",
            "inline_policy": [
              {
                "name": "",
                "policy": ""
              }
            ],
            "managed_policy_arns": [],
            "max_session_duration": 3600,
            "name": "qa_elasticsearch_ec2_role",
            "name_prefix": "",
            "path": "/",
            "permissions_boundary": null,
            "tags": {
              "Name": "ES ec2 role",
              "version": "1.0.0"
            },
            "tags_all": {
              "Name": "ES ec2 role",
              "version": "1.0.0"
            },
            "unique_id": "AROAU7YUGSFRVZYOOUEXH"
          },
          "sensitive_attributes": [],
          "private": "bnVsbA=="
        }
      ]
    },
    {
      "mode": "managed",
      "type": "aws_iam_role_policy",
      "name": "elasticsearch_ec2_policy",
      "provider": "provider[\"registry.terraform.io/hashicorp/aws\"]",
      "instances": [
        {
          "schema_version": 0,
          "attributes": {
            "id": "qa_elasticsearch_ec2_role:qa_elasticsearch_ec2_policy",
            "name": "qa_elasticsearch_ec2_policy",
            "name_prefix": null,
            "policy": "{\r\n  \"Version\": \"2012-10-17\",\r\n  \"Statement\": [\r\n    {\r\n      \"Action\": [\r\n        \"s3:*\"\r\n      ],\r\n      \"Effect\": \"Allow\",\r\n      \"Resource\": \"*\"\r\n    },\r\n    {\r\n      \"Action\": [\r\n        \"codedeploy:*\"\r\n      ],\r\n      \"Effect\": \"Allow\",\r\n      \"Resource\": \"*\"\r\n    },\r\n    {\r\n      \"Effect\": \"Allow\",\r\n      \"Action\": [\r\n        \"logs:CreateLogGroup\",\r\n        \"logs:CreateLogStream\",\r\n        \"logs:PutLogEvents\",\r\n        \"logs:DescribeLogStreams\",\r\n        \"es:*\"\r\n    ],\r\n      \"Resource\": [\r\n        \"*\"\r\n    ]\r\n  }\r\n  ]\r\n}\r\n",
            "role": "qa_elasticsearch_ec2_role"
          },
          "sensitive_attributes": [],
          "private": "bnVsbA==",
          "dependencies": [
            "aws_iam_role.elasticsearch_ec2_role"
          ]
        }
      ]
    },
    {
      "mode": "managed",
      "type": "aws_instance",
      "name": "elasticsearch-instance",
      "provider": "provider[\"registry.terraform.io/hashicorp/aws\"]",
      "instances": [
        {
          "schema_version": 1,
          "attributes": {
            "ami": "ami-03c8ead5922bf8082",
            "arn": "arn:aws:ec2:us-east-1:343102886243:instance/i-0599581d6e54c1013",
            "associate_public_ip_address": true,
            "availability_zone": "us-east-1a",
            "capacity_reservation_specification": [
              {
                "capacity_reservation_preference": "open",
                "capacity_reservation_target": []
              }
            ],
            "cpu_core_count": 1,
            "cpu_threads_per_core": 1,
            "credit_specification": [
              {
                "cpu_credits": "standard"
              }
            ],
            "disable_api_termination": false,
            "ebs_block_device": [],
            "ebs_optimized": false,
            "enclave_options": [
              {
                "enabled": false
              }
            ],
            "ephemeral_block_device": [],
            "get_password_data": false,
            "hibernation": false,
            "host_id": null,
            "iam_instance_profile": "qa_elasticsearch_ec2_profile",
            "id": "i-0599581d6e54c1013",
            "instance_initiated_shutdown_behavior": "stop",
            "instance_state": "running",
            "instance_type": "t2.small",
            "ipv6_address_count": 0,
            "ipv6_addresses": [],
            "key_name": "chiran",
            "launch_template": [],
            "metadata_options": [
              {
                "http_endpoint": "enabled",
                "http_put_response_hop_limit": 1,
                "http_tokens": "optional",
                "instance_metadata_tags": "disabled"
              }
            ],
            "monitoring": false,
            "network_interface": [],
            "outpost_arn": "",
            "password_data": "",
            "placement_group": "",
            "placement_partition_number": null,
            "primary_network_interface_id": "eni-02499ee108a5f3f0c",
            "private_dns": "ip-10-1-1-126.ec2.internal",
            "private_ip": "10.1.1.126",
            "public_dns": "",
            "public_ip": "18.233.111.141",
            "root_block_device": [
              {
                "delete_on_termination": true,
                "device_name": "/dev/xvda",
                "encrypted": false,
                "iops": 0,
                "kms_key_id": "",
                "tags": {},
                "throughput": 0,
                "volume_id": "vol-0e9579738d2d76944",
                "volume_size": 8,
                "volume_type": "standard"
              }
            ],
            "secondary_private_ips": [],
            "security_groups": [],
            "source_dest_check": true,
            "subnet_id": "subnet-08ff9b71bc7395fff",
            "tags": {
              "Name": "Elasticsearch ec2",
              "version": "1.0.0"
            },
            "tags_all": {
              "Name": "Elasticsearch ec2",
              "version": "1.0.0"
            },
            "tenancy": "default",
            "timeouts": null,
            "user_data": "913bf0f5ac6757e236b5065fcb54f7711fb5f973",
            "user_data_base64": null,
            "volume_tags": null,
            "vpc_security_group_ids": [
              "sg-0d0870f357e1994e1"
            ]
          },
          "sensitive_attributes": [],
          "private": "eyJlMmJmYjczMC1lY2FhLTExZTYtOGY4OC0zNDM2M2JjN2M0YzAiOnsiY3JlYXRlIjo2MDAwMDAwMDAwMDAsImRlbGV0ZSI6MTIwMDAwMDAwMDAwMCwidXBkYXRlIjo2MDAwMDAwMDAwMDB9LCJzY2hlbWFfdmVyc2lvbiI6IjEifQ==",
          "dependencies": [
            "aws_elasticsearch_domain.es_cluster",
            "aws_iam_instance_profile.elasticsearch_ec2_profile",
            "aws_iam_role.elasticsearch_ec2_role",
            "aws_security_group.sg_allow_ssh_elasticsearch",
            "aws_subnet.pub-subnet-1",
            "aws_vpc.devops_vpc",
            "data.aws_ami.ec2",
            "data.aws_caller_identity.current",
            "data.aws_region.current",
            "data.template_file.es_instance"
          ]
        }
      ]
    },
    {
      "mode": "managed",
      "type": "aws_internet_gateway",
      "name": "igw",
      "provider": "provider[\"registry.terraform.io/hashicorp/aws\"]",
      "instances": [
        {
          "schema_version": 0,
          "attributes": {
            "arn": "arn:aws:ec2:us-east-1:343102886243:internet-gateway/igw-0f820df0d83b75072",
            "id": "igw-0f820df0d83b75072",
            "owner_id": "343102886243",
            "tags": {
              "Name": "Elasticsearch igw",
              "version": "1.0.0"
            },
            "tags_all": {
              "Name": "Elasticsearch igw",
              "version": "1.0.0"
            },
            "vpc_id": "vpc-044e6fc4a6934f164"
          },
          "sensitive_attributes": [],
          "private": "bnVsbA==",
          "dependencies": [
            "aws_vpc.devops_vpc"
          ]
        }
      ]
    },
    {
      "mode": "managed",
      "type": "aws_route_table",
      "name": "web-routing",
      "provider": "provider[\"registry.terraform.io/hashicorp/aws\"]",
      "instances": [
        {
          "schema_version": 0,
          "attributes": {
            "arn": "arn:aws:ec2:us-east-1:343102886243:route-table/rtb-0183aa967e3f83297",
            "id": "rtb-0183aa967e3f83297",
            "owner_id": "343102886243",
            "propagating_vgws": [],
            "route": [
              {
                "carrier_gateway_id": "",
                "cidr_block": "0.0.0.0/0",
                "destination_prefix_list_id": "",
                "egress_only_gateway_id": "",
                "gateway_id": "igw-0f820df0d83b75072",
                "instance_id": "",
                "ipv6_cidr_block": "",
                "local_gateway_id": "",
                "nat_gateway_id": "",
                "network_interface_id": "",
                "transit_gateway_id": "",
                "vpc_endpoint_id": "",
                "vpc_peering_connection_id": ""
              }
            ],
            "tags": {
              "Name": "Elasticsearch routetable",
              "version": "1.0.0"
            },
            "tags_all": {
              "Name": "Elasticsearch routetable",
              "version": "1.0.0"
            },
            "timeouts": null,
            "vpc_id": "vpc-044e6fc4a6934f164"
          },
          "sensitive_attributes": [],
          "private": "eyJlMmJmYjczMC1lY2FhLTExZTYtOGY4OC0zNDM2M2JjN2M0YzAiOnsiY3JlYXRlIjozMDAwMDAwMDAwMDAsImRlbGV0ZSI6MzAwMDAwMDAwMDAwLCJ1cGRhdGUiOjEyMDAwMDAwMDAwMH19",
          "dependencies": [
            "aws_internet_gateway.igw",
            "aws_vpc.devops_vpc"
          ]
        }
      ]
    },
    {
      "mode": "managed",
      "type": "aws_route_table_association",
      "name": "a",
      "provider": "provider[\"registry.terraform.io/hashicorp/aws\"]",
      "instances": [
        {
          "schema_version": 0,
          "attributes": {
            "gateway_id": "",
            "id": "rtbassoc-0386b464ead8c4653",
            "route_table_id": "rtb-0183aa967e3f83297",
            "subnet_id": "subnet-08ff9b71bc7395fff"
          },
          "sensitive_attributes": [],
          "private": "bnVsbA==",
          "dependencies": [
            "aws_internet_gateway.igw",
            "aws_route_table.web-routing",
            "aws_subnet.pub-subnet-1",
            "aws_vpc.devops_vpc"
          ]
        }
      ]
    },
    {
      "mode": "managed",
      "type": "aws_security_group",
      "name": "sg_allow_ssh_elasticsearch",
      "provider": "provider[\"registry.terraform.io/hashicorp/aws\"]",
      "instances": [
        {
          "schema_version": 1,
          "attributes": {
            "arn": "arn:aws:ec2:us-east-1:343102886243:security-group/sg-0d0870f357e1994e1",
            "description": "Allow SSH and elasticsearch inbound traffic",
            "egress": [
              {
                "cidr_blocks": [
                  "0.0.0.0/0"
                ],
                "description": "",
                "from_port": 0,
                "ipv6_cidr_blocks": [],
                "prefix_list_ids": [],
                "protocol": "-1",
                "security_groups": [],
                "self": false,
                "to_port": 0
              }
            ],
            "id": "sg-0d0870f357e1994e1",
            "ingress": [
              {
                "cidr_blocks": [
                  "0.0.0.0/0"
                ],
                "description": "",
                "from_port": 22,
                "ipv6_cidr_blocks": [],
                "prefix_list_ids": [],
                "protocol": "tcp",
                "security_groups": [],
                "self": false,
                "to_port": 22
              },
              {
                "cidr_blocks": [
                  "0.0.0.0/0"
                ],
                "description": "",
                "from_port": 5600,
                "ipv6_cidr_blocks": [],
                "prefix_list_ids": [],
                "protocol": "tcp",
                "security_groups": [],
                "self": false,
                "to_port": 5600
              },
              {
                "cidr_blocks": [
                  "0.0.0.0/0"
                ],
                "description": "",
                "from_port": 9200,
                "ipv6_cidr_blocks": [],
                "prefix_list_ids": [],
                "protocol": "tcp",
                "security_groups": [],
                "self": false,
                "to_port": 9200
              }
            ],
            "name": "qa_allow_ssh_elasticsearch",
            "name_prefix": "",
            "owner_id": "343102886243",
            "revoke_rules_on_delete": false,
            "tags": {
              "Name": "Devops 3TierApp",
              "version": "1.0.0"
            },
            "tags_all": {
              "Name": "Devops 3TierApp",
              "version": "1.0.0"
            },
            "timeouts": null,
            "vpc_id": "vpc-044e6fc4a6934f164"
          },
          "sensitive_attributes": [],
          "private": "eyJlMmJmYjczMC1lY2FhLTExZTYtOGY4OC0zNDM2M2JjN2M0YzAiOnsiY3JlYXRlIjo2MDAwMDAwMDAwMDAsImRlbGV0ZSI6OTAwMDAwMDAwMDAwfSwic2NoZW1hX3ZlcnNpb24iOiIxIn0=",
          "dependencies": [
            "aws_vpc.devops_vpc"
          ]
        }
      ]
    },
    {
      "mode": "managed",
      "type": "aws_subnet",
      "name": "pub-subnet-1",
      "provider": "provider[\"registry.terraform.io/hashicorp/aws\"]",
      "instances": [
        {
          "schema_version": 1,
          "attributes": {
            "arn": "arn:aws:ec2:us-east-1:343102886243:subnet/subnet-08ff9b71bc7395fff",
            "assign_ipv6_address_on_creation": false,
            "availability_zone": "us-east-1a",
            "availability_zone_id": "use1-az1",
            "cidr_block": "10.1.1.0/24",
            "customer_owned_ipv4_pool": "",
            "enable_dns64": false,
            "enable_resource_name_dns_a_record_on_launch": false,
            "enable_resource_name_dns_aaaa_record_on_launch": false,
            "id": "subnet-08ff9b71bc7395fff",
            "ipv6_cidr_block": "",
            "ipv6_cidr_block_association_id": "",
            "ipv6_native": false,
            "map_customer_owned_ip_on_launch": false,
            "map_public_ip_on_launch": true,
            "outpost_arn": "",
            "owner_id": "343102886243",
            "private_dns_hostname_type_on_launch": "ip-name",
            "tags": {
              "Name": "Elasticsearch pub subnet",
              "version": "1.0.0"
            },
            "tags_all": {
              "Name": "Elasticsearch pub subnet",
              "version": "1.0.0"
            },
            "timeouts": null,
            "vpc_id": "vpc-044e6fc4a6934f164"
          },
          "sensitive_attributes": [],
          "private": "eyJlMmJmYjczMC1lY2FhLTExZTYtOGY4OC0zNDM2M2JjN2M0YzAiOnsiY3JlYXRlIjo2MDAwMDAwMDAwMDAsImRlbGV0ZSI6MTIwMDAwMDAwMDAwMH0sInNjaGVtYV92ZXJzaW9uIjoiMSJ9",
          "dependencies": [
            "aws_vpc.devops_vpc"
          ]
        }
      ]
    },
    {
      "mode": "managed",
      "type": "aws_vpc",
      "name": "devops_vpc",
      "provider": "provider[\"registry.terraform.io/hashicorp/aws\"]",
      "instances": [
        {
          "schema_version": 1,
          "attributes": {
            "arn": "arn:aws:ec2:us-east-1:343102886243:vpc/vpc-044e6fc4a6934f164",
            "assign_generated_ipv6_cidr_block": false,
            "cidr_block": "10.1.0.0/16",
            "default_network_acl_id": "acl-0f40712d01764cbc3",
            "default_route_table_id": "rtb-076a3fc6d9b4fab32",
            "default_security_group_id": "sg-00bbe8b9082cf9a10",
            "dhcp_options_id": "dopt-061d60acd41ee5295",
            "enable_classiclink": false,
            "enable_classiclink_dns_support": false,
            "enable_dns_hostnames": false,
            "enable_dns_support": true,
            "id": "vpc-044e6fc4a6934f164",
            "instance_tenancy": "default",
            "ipv4_ipam_pool_id": null,
            "ipv4_netmask_length": null,
            "ipv6_association_id": "",
            "ipv6_cidr_block": "",
            "ipv6_cidr_block_network_border_group": "",
            "ipv6_ipam_pool_id": "",
            "ipv6_netmask_length": 0,
            "main_route_table_id": "rtb-076a3fc6d9b4fab32",
            "owner_id": "343102886243",
            "tags": {
              "Name": "Elasticsearch",
              "version": "1.0.0"
            },
            "tags_all": {
              "Name": "Elasticsearch",
              "version": "1.0.0"
            }
          },
          "sensitive_attributes": [],
          "private": "eyJzY2hlbWFfdmVyc2lvbiI6IjEifQ=="
        }
      ]
    }
  ]
}
